
Microsoft Visual Studio Solution File, Format Version 12.00
# Visual Studio Version 17
VisualStudioVersion = 17.2.32630.192
MinimumVisualStudioVersion = 10.0.40219.1
Project("{FAE04EC0-301F-11D3-BF4B-00C04F79EFBC}") = "task", "task\task.csproj", "{35AB3429-720C-411E-BB0D-0DFC57A56171}"
EndProject
Global
	GlobalSection(SolutionConfigurationPlatforms) = preSolution
		Debug|Any CPU = Debug|Any CPU
		Release|Any CPU = Release|Any CPU
	EndGlobalSection
	GlobalSection(ProjectConfigurationPlatforms) = postSolution
		{35AB3429-720C-411E-BB0D-0DFC57A56171}.Debug|Any CPU.ActiveCfg = Debug|Any CPU
		{35AB3429-720C-411E-BB0D-0DFC57A56171}.Debug|Any CPU.Build.0 = Debug|Any CPU
		{35AB3429-720C-411E-BB0D-0DFC57A56171}.Release|Any CPU.ActiveCfg = Release|Any CPU
		{35AB3429-720C-411E-BB0D-0DFC57A56171}.Release|Any CPU.Build.0 = Release|Any CPU
	EndGlobalSection
	GlobalSection(SolutionProperties) = preSolution
		HideSolutionNode = FALSE
	EndGlobalSection
	GlobalSection(ExtensibilityGlobals) = postSolution
		SolutionGuid = {C1039CB7-E334-44B9-8A83-8766729DAB4D}
	EndGlobalSection
EndGlobal
